
Microsoft Visual Studio Solution File, Format Version 12.00
# Visual Studio 15
VisualStudioVersion = 15.0.27428.2027
MinimumVisualStudioVersion = 10.0.40219.1
Project("{8BC9CEB8-8B4A-11D0-8D11-00A0C91BC942}") = "TP2", "TP2\TP2.vcxproj", "{B265F9D0-5E4E-4B94-8406-9BEDB467D69E}"
EndProject
Global
	GlobalSection(SolutionConfigurationPlatforms) = preSolution
		Debug|x64 = Debug|x64
		Debug|x86 = Debug|x86
		Release|x64 = Release|x64
		Release|x86 = Release|x86
	EndGlobalSection
	GlobalSection(ProjectConfigurationPlatforms) = postSolution
		{B265F9D0-5E4E-4B94-8406-9BEDB467D69E}.Debug|x64.ActiveCfg = Debug|x64
		{B265F9D0-5E4E-4B94-8406-9BEDB467D69E}.Debug|x64.Build.0 = Debug|x64
		{B265F9D0-5E4E-4B94-8406-9BEDB467D69E}.Debug|x86.ActiveCfg = Debug|Win32
		{B265F9D0-5E4E-4B94-8406-9BEDB467D69E}.Debug|x86.Build.0 = Debug|Win32
		{B265F9D0-5E4E-4B94-8406-9BEDB467D69E}.Release|x64.ActiveCfg = Release|x64
		{B265F9D0-5E4E-4B94-8406-9BEDB467D69E}.Release|x64.Build.0 = Release|x64
		{B265F9D0-5E4E-4B94-8406-9BEDB467D69E}.Release|x86.ActiveCfg = Release|Win32
		{B265F9D0-5E4E-4B94-8406-9BEDB467D69E}.Release|x86.Build.0 = Release|Win32
	EndGlobalSection
	GlobalSection(SolutionProperties) = preSolution
		HideSolutionNode = FALSE
	EndGlobalSection
	GlobalSection(ExtensibilityGlobals) = postSolution
		SolutionGuid = {B42E8C00-A3B6-42B4-B812-8CB49727AD2C}
	EndGlobalSection
EndGlobal
